
Microsoft Visual Studio Solution File, Format Version 12.00
Project("{FAE04EC0-301F-11D3-BF4B-00C04F79EFBC}") = "WebApi", "WebApi\WebApi.csproj", "{ADF4295D-75DF-4942-9A78-D4F0798FE753}"
EndProject
Project("{2150E333-8FDC-42A3-9474-1A3956D46DE8}") = "Application", "Application", "{6BD6D8C8-746C-4013-8963-0EEDE9A355D4}"
EndProject
Project("{2150E333-8FDC-42A3-9474-1A3956D46DE8}") = "Domain", "Domain", "{5B89E30A-F51F-4956-8F68-39F4EEC8553A}"
EndProject
Project("{2150E333-8FDC-42A3-9474-1A3956D46DE8}") = "Infrastructure", "Infrastructure", "{127616DD-A90D-4BA2-91FC-A63CEAAF2013}"
EndProject
Project("{2150E333-8FDC-42A3-9474-1A3956D46DE8}") = "Service", "Service", "{7DBCB42F-26B8-4275-83F6-5CD13CAAF04B}"
EndProject
Project("{2150E333-8FDC-42A3-9474-1A3956D46DE8}") = "Test", "Test", "{13711392-DAFB-4AE1-957B-51DA4C5D55A9}"
EndProject
Project("{2150E333-8FDC-42A3-9474-1A3956D46DE8}") = "Transversal", "Transversal", "{4B9B0B97-281F-4F17-9C28-DB301578D762}"
EndProject
Project("{FAE04EC0-301F-11D3-BF4B-00C04F79EFBC}") = "Common", "Common\Common.csproj", "{4A7C700A-474B-4A85-96E2-919416DA39D5}"
EndProject
Project("{FAE04EC0-301F-11D3-BF4B-00C04F79EFBC}") = "Logging", "Logging\Logging.csproj", "{B36A4229-D1C8-4326-9280-D1A4C1104E9F}"
EndProject
Project("{FAE04EC0-301F-11D3-BF4B-00C04F79EFBC}") = "Domain", "Domain\Domain.csproj", "{94286179-76F8-4724-9357-BB0720A55CF8}"
EndProject
Project("{FAE04EC0-301F-11D3-BF4B-00C04F79EFBC}") = "DTO", "DTO\DTO.csproj", "{D2EEF28F-4844-4000-B725-B616ECA336C2}"
EndProject
Project("{FAE04EC0-301F-11D3-BF4B-00C04F79EFBC}") = "Interface", "Interface\Interface.csproj", "{1C0F268F-A7A7-4D90-AB93-FCF2AEBBEE9B}"
EndProject
Project("{FAE04EC0-301F-11D3-BF4B-00C04F79EFBC}") = "UseCases", "UseCases\UseCases.csproj", "{9D39DB87-801B-4892-AA5A-CCDBADE11E9C}"
EndProject
Project("{FAE04EC0-301F-11D3-BF4B-00C04F79EFBC}") = "Validator", "Validator\Validator.csproj", "{42A20852-9529-4728-87B1-2C6916123588}"
EndProject
Project("{FAE04EC0-301F-11D3-BF4B-00C04F79EFBC}") = "Persistence", "Persistence\Persistence.csproj", "{8A993813-57E1-462E-9E4A-46FBA00268B8}"
EndProject
Project("{FAE04EC0-301F-11D3-BF4B-00C04F79EFBC}") = "MesaFacil.API.UnitTests", "MesaFacil.API.UnitTests\MesaFacil.API.UnitTests.csproj", "{8DC80312-1DC6-4946-A642-11A477252899}"
EndProject
Global
	GlobalSection(SolutionConfigurationPlatforms) = preSolution
		Debug|Any CPU = Debug|Any CPU
		Debug|x64 = Debug|x64
		Debug|x86 = Debug|x86
		Release|Any CPU = Release|Any CPU
		Release|x64 = Release|x64
		Release|x86 = Release|x86
	EndGlobalSection
	GlobalSection(ProjectConfigurationPlatforms) = postSolution
		{ADF4295D-75DF-4942-9A78-D4F0798FE753}.Debug|Any CPU.ActiveCfg = Debug|Any CPU
		{ADF4295D-75DF-4942-9A78-D4F0798FE753}.Debug|Any CPU.Build.0 = Debug|Any CPU
		{ADF4295D-75DF-4942-9A78-D4F0798FE753}.Debug|x64.ActiveCfg = Debug|Any CPU
		{ADF4295D-75DF-4942-9A78-D4F0798FE753}.Debug|x64.Build.0 = Debug|Any CPU
		{ADF4295D-75DF-4942-9A78-D4F0798FE753}.Debug|x86.ActiveCfg = Debug|Any CPU
		{ADF4295D-75DF-4942-9A78-D4F0798FE753}.Debug|x86.Build.0 = Debug|Any CPU
		{ADF4295D-75DF-4942-9A78-D4F0798FE753}.Release|Any CPU.ActiveCfg = Release|Any CPU
		{ADF4295D-75DF-4942-9A78-D4F0798FE753}.Release|Any CPU.Build.0 = Release|Any CPU
		{ADF4295D-75DF-4942-9A78-D4F0798FE753}.Release|x64.ActiveCfg = Release|Any CPU
		{ADF4295D-75DF-4942-9A78-D4F0798FE753}.Release|x64.Build.0 = Release|Any CPU
		{ADF4295D-75DF-4942-9A78-D4F0798FE753}.Release|x86.ActiveCfg = Release|Any CPU
		{ADF4295D-75DF-4942-9A78-D4F0798FE753}.Release|x86.Build.0 = Release|Any CPU
		{4A7C700A-474B-4A85-96E2-919416DA39D5}.Debug|Any CPU.ActiveCfg = Debug|Any CPU
		{4A7C700A-474B-4A85-96E2-919416DA39D5}.Debug|Any CPU.Build.0 = Debug|Any CPU
		{4A7C700A-474B-4A85-96E2-919416DA39D5}.Debug|x64.ActiveCfg = Debug|Any CPU
		{4A7C700A-474B-4A85-96E2-919416DA39D5}.Debug|x64.Build.0 = Debug|Any CPU
		{4A7C700A-474B-4A85-96E2-919416DA39D5}.Debug|x86.ActiveCfg = Debug|Any CPU
		{4A7C700A-474B-4A85-96E2-919416DA39D5}.Debug|x86.Build.0 = Debug|Any CPU
		{4A7C700A-474B-4A85-96E2-919416DA39D5}.Release|Any CPU.ActiveCfg = Release|Any CPU
		{4A7C700A-474B-4A85-96E2-919416DA39D5}.Release|Any CPU.Build.0 = Release|Any CPU
		{4A7C700A-474B-4A85-96E2-919416DA39D5}.Release|x64.ActiveCfg = Release|Any CPU
		{4A7C700A-474B-4A85-96E2-919416DA39D5}.Release|x64.Build.0 = Release|Any CPU
		{4A7C700A-474B-4A85-96E2-919416DA39D5}.Release|x86.ActiveCfg = Release|Any CPU
		{4A7C700A-474B-4A85-96E2-919416DA39D5}.Release|x86.Build.0 = Release|Any CPU
		{B36A4229-D1C8-4326-9280-D1A4C1104E9F}.Debug|Any CPU.ActiveCfg = Debug|Any CPU
		{B36A4229-D1C8-4326-9280-D1A4C1104E9F}.Debug|Any CPU.Build.0 = Debug|Any CPU
		{B36A4229-D1C8-4326-9280-D1A4C1104E9F}.Debug|x64.ActiveCfg = Debug|Any CPU
		{B36A4229-D1C8-4326-9280-D1A4C1104E9F}.Debug|x64.Build.0 = Debug|Any CPU
		{B36A4229-D1C8-4326-9280-D1A4C1104E9F}.Debug|x86.ActiveCfg = Debug|Any CPU
		{B36A4229-D1C8-4326-9280-D1A4C1104E9F}.Debug|x86.Build.0 = Debug|Any CPU
		{B36A4229-D1C8-4326-9280-D1A4C1104E9F}.Release|Any CPU.ActiveCfg = Release|Any CPU
		{B36A4229-D1C8-4326-9280-D1A4C1104E9F}.Release|Any CPU.Build.0 = Release|Any CPU
		{B36A4229-D1C8-4326-9280-D1A4C1104E9F}.Release|x64.ActiveCfg = Release|Any CPU
		{B36A4229-D1C8-4326-9280-D1A4C1104E9F}.Release|x64.Build.0 = Release|Any CPU
		{B36A4229-D1C8-4326-9280-D1A4C1104E9F}.Release|x86.ActiveCfg = Release|Any CPU
		{B36A4229-D1C8-4326-9280-D1A4C1104E9F}.Release|x86.Build.0 = Release|Any CPU
		{94286179-76F8-4724-9357-BB0720A55CF8}.Debug|Any CPU.ActiveCfg = Debug|Any CPU
		{94286179-76F8-4724-9357-BB0720A55CF8}.Debug|Any CPU.Build.0 = Debug|Any CPU
		{94286179-76F8-4724-9357-BB0720A55CF8}.Debug|x64.ActiveCfg = Debug|Any CPU
		{94286179-76F8-4724-9357-BB0720A55CF8}.Debug|x64.Build.0 = Debug|Any CPU
		{94286179-76F8-4724-9357-BB0720A55CF8}.Debug|x86.ActiveCfg = Debug|Any CPU
		{94286179-76F8-4724-9357-BB0720A55CF8}.Debug|x86.Build.0 = Debug|Any CPU
		{94286179-76F8-4724-9357-BB0720A55CF8}.Release|Any CPU.ActiveCfg = Release|Any CPU
		{94286179-76F8-4724-9357-BB0720A55CF8}.Release|Any CPU.Build.0 = Release|Any CPU
		{94286179-76F8-4724-9357-BB0720A55CF8}.Release|x64.ActiveCfg = Release|Any CPU
		{94286179-76F8-4724-9357-BB0720A55CF8}.Release|x64.Build.0 = Release|Any CPU
		{94286179-76F8-4724-9357-BB0720A55CF8}.Release|x86.ActiveCfg = Release|Any CPU
		{94286179-76F8-4724-9357-BB0720A55CF8}.Release|x86.Build.0 = Release|Any CPU
		{D2EEF28F-4844-4000-B725-B616ECA336C2}.Debug|Any CPU.ActiveCfg = Debug|Any CPU
		{D2EEF28F-4844-4000-B725-B616ECA336C2}.Debug|Any CPU.Build.0 = Debug|Any CPU
		{D2EEF28F-4844-4000-B725-B616ECA336C2}.Debug|x64.ActiveCfg = Debug|Any CPU
		{D2EEF28F-4844-4000-B725-B616ECA336C2}.Debug|x64.Build.0 = Debug|Any CPU
		{D2EEF28F-4844-4000-B725-B616ECA336C2}.Debug|x86.ActiveCfg = Debug|Any CPU
		{D2EEF28F-4844-4000-B725-B616ECA336C2}.Debug|x86.Build.0 = Debug|Any CPU
		{D2EEF28F-4844-4000-B725-B616ECA336C2}.Release|Any CPU.ActiveCfg = Release|Any CPU
		{D2EEF28F-4844-4000-B725-B616ECA336C2}.Release|Any CPU.Build.0 = Release|Any CPU
		{D2EEF28F-4844-4000-B725-B616ECA336C2}.Release|x64.ActiveCfg = Release|Any CPU
		{D2EEF28F-4844-4000-B725-B616ECA336C2}.Release|x64.Build.0 = Release|Any CPU
		{D2EEF28F-4844-4000-B725-B616ECA336C2}.Release|x86.ActiveCfg = Release|Any CPU
		{D2EEF28F-4844-4000-B725-B616ECA336C2}.Release|x86.Build.0 = Release|Any CPU
		{1C0F268F-A7A7-4D90-AB93-FCF2AEBBEE9B}.Debug|Any CPU.ActiveCfg = Debug|Any CPU
		{1C0F268F-A7A7-4D90-AB93-FCF2AEBBEE9B}.Debug|Any CPU.Build.0 = Debug|Any CPU
		{1C0F268F-A7A7-4D90-AB93-FCF2AEBBEE9B}.Debug|x64.ActiveCfg = Debug|Any CPU
		{1C0F268F-A7A7-4D90-AB93-FCF2AEBBEE9B}.Debug|x64.Build.0 = Debug|Any CPU
		{1C0F268F-A7A7-4D90-AB93-FCF2AEBBEE9B}.Debug|x86.ActiveCfg = Debug|Any CPU
		{1C0F268F-A7A7-4D90-AB93-FCF2AEBBEE9B}.Debug|x86.Build.0 = Debug|Any CPU
		{1C0F268F-A7A7-4D90-AB93-FCF2AEBBEE9B}.Release|Any CPU.ActiveCfg = Release|Any CPU
		{1C0F268F-A7A7-4D90-AB93-FCF2AEBBEE9B}.Release|Any CPU.Build.0 = Release|Any CPU
		{1C0F268F-A7A7-4D90-AB93-FCF2AEBBEE9B}.Release|x64.ActiveCfg = Release|Any CPU
		{1C0F268F-A7A7-4D90-AB93-FCF2AEBBEE9B}.Release|x64.Build.0 = Release|Any CPU
		{1C0F268F-A7A7-4D90-AB93-FCF2AEBBEE9B}.Release|x86.ActiveCfg = Release|Any CPU
		{1C0F268F-A7A7-4D90-AB93-FCF2AEBBEE9B}.Release|x86.Build.0 = Release|Any CPU
		{9D39DB87-801B-4892-AA5A-CCDBADE11E9C}.Debug|Any CPU.ActiveCfg = Debug|Any CPU
		{9D39DB87-801B-4892-AA5A-CCDBADE11E9C}.Debug|Any CPU.Build.0 = Debug|Any CPU
		{9D39DB87-801B-4892-AA5A-CCDBADE11E9C}.Debug|x64.ActiveCfg = Debug|Any CPU
		{9D39DB87-801B-4892-AA5A-CCDBADE11E9C}.Debug|x64.Build.0 = Debug|Any CPU
		{9D39DB87-801B-4892-AA5A-CCDBADE11E9C}.Debug|x86.ActiveCfg = Debug|Any CPU
		{9D39DB87-801B-4892-AA5A-CCDBADE11E9C}.Debug|x86.Build.0 = Debug|Any CPU
		{9D39DB87-801B-4892-AA5A-CCDBADE11E9C}.Release|Any CPU.ActiveCfg = Release|Any CPU
		{9D39DB87-801B-4892-AA5A-CCDBADE11E9C}.Release|Any CPU.Build.0 = Release|Any CPU
		{9D39DB87-801B-4892-AA5A-CCDBADE11E9C}.Release|x64.ActiveCfg = Release|Any CPU
		{9D39DB87-801B-4892-AA5A-CCDBADE11E9C}.Release|x64.Build.0 = Release|Any CPU
		{9D39DB87-801B-4892-AA5A-CCDBADE11E9C}.Release|x86.ActiveCfg = Release|Any CPU
		{9D39DB87-801B-4892-AA5A-CCDBADE11E9C}.Release|x86.Build.0 = Release|Any CPU
		{42A20852-9529-4728-87B1-2C6916123588}.Debug|Any CPU.ActiveCfg = Debug|Any CPU
		{42A20852-9529-4728-87B1-2C6916123588}.Debug|Any CPU.Build.0 = Debug|Any CPU
		{42A20852-9529-4728-87B1-2C6916123588}.Debug|x64.ActiveCfg = Debug|Any CPU
		{42A20852-9529-4728-87B1-2C6916123588}.Debug|x64.Build.0 = Debug|Any CPU
		{42A20852-9529-4728-87B1-2C6916123588}.Debug|x86.ActiveCfg = Debug|Any CPU
		{42A20852-9529-4728-87B1-2C6916123588}.Debug|x86.Build.0 = Debug|Any CPU
		{42A20852-9529-4728-87B1-2C6916123588}.Release|Any CPU.ActiveCfg = Release|Any CPU
		{42A20852-9529-4728-87B1-2C6916123588}.Release|Any CPU.Build.0 = Release|Any CPU
		{42A20852-9529-4728-87B1-2C6916123588}.Release|x64.ActiveCfg = Release|Any CPU
		{42A20852-9529-4728-87B1-2C6916123588}.Release|x64.Build.0 = Release|Any CPU
		{42A20852-9529-4728-87B1-2C6916123588}.Release|x86.ActiveCfg = Release|Any CPU
		{42A20852-9529-4728-87B1-2C6916123588}.Release|x86.Build.0 = Release|Any CPU
		{8A993813-57E1-462E-9E4A-46FBA00268B8}.Debug|Any CPU.ActiveCfg = Debug|Any CPU
		{8A993813-57E1-462E-9E4A-46FBA00268B8}.Debug|Any CPU.Build.0 = Debug|Any CPU
		{8A993813-57E1-462E-9E4A-46FBA00268B8}.Debug|x64.ActiveCfg = Debug|Any CPU
		{8A993813-57E1-462E-9E4A-46FBA00268B8}.Debug|x64.Build.0 = Debug|Any CPU
		{8A993813-57E1-462E-9E4A-46FBA00268B8}.Debug|x86.ActiveCfg = Debug|Any CPU
		{8A993813-57E1-462E-9E4A-46FBA00268B8}.Debug|x86.Build.0 = Debug|Any CPU
		{8A993813-57E1-462E-9E4A-46FBA00268B8}.Release|Any CPU.ActiveCfg = Release|Any CPU
		{8A993813-57E1-462E-9E4A-46FBA00268B8}.Release|Any CPU.Build.0 = Release|Any CPU
		{8A993813-57E1-462E-9E4A-46FBA00268B8}.Release|x64.ActiveCfg = Release|Any CPU
		{8A993813-57E1-462E-9E4A-46FBA00268B8}.Release|x64.Build.0 = Release|Any CPU
		{8A993813-57E1-462E-9E4A-46FBA00268B8}.Release|x86.ActiveCfg = Release|Any CPU
		{8A993813-57E1-462E-9E4A-46FBA00268B8}.Release|x86.Build.0 = Release|Any CPU
		{8DC80312-1DC6-4946-A642-11A477252899}.Debug|Any CPU.ActiveCfg = Debug|Any CPU
		{8DC80312-1DC6-4946-A642-11A477252899}.Debug|Any CPU.Build.0 = Debug|Any CPU
		{8DC80312-1DC6-4946-A642-11A477252899}.Debug|x64.ActiveCfg = Debug|Any CPU
		{8DC80312-1DC6-4946-A642-11A477252899}.Debug|x64.Build.0 = Debug|Any CPU
		{8DC80312-1DC6-4946-A642-11A477252899}.Debug|x86.ActiveCfg = Debug|Any CPU
		{8DC80312-1DC6-4946-A642-11A477252899}.Debug|x86.Build.0 = Debug|Any CPU
		{8DC80312-1DC6-4946-A642-11A477252899}.Release|Any CPU.ActiveCfg = Release|Any CPU
		{8DC80312-1DC6-4946-A642-11A477252899}.Release|Any CPU.Build.0 = Release|Any CPU
		{8DC80312-1DC6-4946-A642-11A477252899}.Release|x64.ActiveCfg = Release|Any CPU
		{8DC80312-1DC6-4946-A642-11A477252899}.Release|x64.Build.0 = Release|Any CPU
		{8DC80312-1DC6-4946-A642-11A477252899}.Release|x86.ActiveCfg = Release|Any CPU
		{8DC80312-1DC6-4946-A642-11A477252899}.Release|x86.Build.0 = Release|Any CPU
	EndGlobalSection
	GlobalSection(SolutionProperties) = preSolution
		HideSolutionNode = FALSE
	EndGlobalSection
	GlobalSection(NestedProjects) = preSolution
		{ADF4295D-75DF-4942-9A78-D4F0798FE753} = {7DBCB42F-26B8-4275-83F6-5CD13CAAF04B}
		{4A7C700A-474B-4A85-96E2-919416DA39D5} = {4B9B0B97-281F-4F17-9C28-DB301578D762}
		{B36A4229-D1C8-4326-9280-D1A4C1104E9F} = {4B9B0B97-281F-4F17-9C28-DB301578D762}
		{94286179-76F8-4724-9357-BB0720A55CF8} = {5B89E30A-F51F-4956-8F68-39F4EEC8553A}
		{D2EEF28F-4844-4000-B725-B616ECA336C2} = {6BD6D8C8-746C-4013-8963-0EEDE9A355D4}
		{1C0F268F-A7A7-4D90-AB93-FCF2AEBBEE9B} = {6BD6D8C8-746C-4013-8963-0EEDE9A355D4}
		{9D39DB87-801B-4892-AA5A-CCDBADE11E9C} = {6BD6D8C8-746C-4013-8963-0EEDE9A355D4}
		{42A20852-9529-4728-87B1-2C6916123588} = {6BD6D8C8-746C-4013-8963-0EEDE9A355D4}
		{8A993813-57E1-462E-9E4A-46FBA00268B8} = {127616DD-A90D-4BA2-91FC-A63CEAAF2013}
	EndGlobalSection
EndGlobal
